
Microsoft Visual Studio Solution File, Format Version 12.00
# Visual Studio Version 17
VisualStudioVersion = 17.3.32929.385
MinimumVisualStudioVersion = 10.0.40219.1
Project("{9A19103F-16F7-4668-BE54-9A1E7A4F7556}") = "AudioSplit", "AudioSplit\AudioSplit.csproj", "{4CDEF9AF-E811-43DC-9D35-AB2FDE7E0597}"
EndProject
Project("{9A19103F-16F7-4668-BE54-9A1E7A4F7556}") = "rename", "Rename\rename.csproj", "{D49E40B2-BBD2-4735-99EF-DF3BC7415D4E}"
EndProject
Global
	GlobalSection(SolutionConfigurationPlatforms) = preSolution
		Debug|Any CPU = Debug|Any CPU
		Debug|x64 = Debug|x64
		Release|Any CPU = Release|Any CPU
		Release|x64 = Release|x64
	EndGlobalSection
	GlobalSection(ProjectConfigurationPlatforms) = postSolution
		{4CDEF9AF-E811-43DC-9D35-AB2FDE7E0597}.Debug|Any CPU.ActiveCfg = Debug|Any CPU
		{4CDEF9AF-E811-43DC-9D35-AB2FDE7E0597}.Debug|Any CPU.Build.0 = Debug|Any CPU
		{4CDEF9AF-E811-43DC-9D35-AB2FDE7E0597}.Debug|x64.ActiveCfg = Debug|x64
		{4CDEF9AF-E811-43DC-9D35-AB2FDE7E0597}.Debug|x64.Build.0 = Debug|x64
		{4CDEF9AF-E811-43DC-9D35-AB2FDE7E0597}.Release|Any CPU.ActiveCfg = Release|Any CPU
		{4CDEF9AF-E811-43DC-9D35-AB2FDE7E0597}.Release|Any CPU.Build.0 = Release|Any CPU
		{4CDEF9AF-E811-43DC-9D35-AB2FDE7E0597}.Release|x64.ActiveCfg = Release|x64
		{4CDEF9AF-E811-43DC-9D35-AB2FDE7E0597}.Release|x64.Build.0 = Release|x64
		{D49E40B2-BBD2-4735-99EF-DF3BC7415D4E}.Debug|Any CPU.ActiveCfg = Debug|Any CPU
		{D49E40B2-BBD2-4735-99EF-DF3BC7415D4E}.Debug|Any CPU.Build.0 = Debug|Any CPU
		{D49E40B2-BBD2-4735-99EF-DF3BC7415D4E}.Debug|x64.ActiveCfg = Debug|x64
		{D49E40B2-BBD2-4735-99EF-DF3BC7415D4E}.Debug|x64.Build.0 = Debug|x64
		{D49E40B2-BBD2-4735-99EF-DF3BC7415D4E}.Release|Any CPU.ActiveCfg = Release|Any CPU
		{D49E40B2-BBD2-4735-99EF-DF3BC7415D4E}.Release|Any CPU.Build.0 = Release|Any CPU
		{D49E40B2-BBD2-4735-99EF-DF3BC7415D4E}.Release|x64.ActiveCfg = Release|x64
		{D49E40B2-BBD2-4735-99EF-DF3BC7415D4E}.Release|x64.Build.0 = Release|x64
	EndGlobalSection
	GlobalSection(SolutionProperties) = preSolution
		HideSolutionNode = FALSE
	EndGlobalSection
	GlobalSection(ExtensibilityGlobals) = postSolution
		SolutionGuid = {9A6B603C-C79A-4C9B-8618-FF431A5F4BBE}
	EndGlobalSection
EndGlobal
